// !$*UTF8*$!
{
	archiveVersion = 1;
	classes = {
	};
	objectVersion = 51;
	objects = {

/* Begin PBXBuildFile section */
		4990AF4A25B471BA00F9669C /* AppDelegate.swift in Sources */ = {isa = PBXBuildFile; fileRef = 4990AF4925B471BA00F9669C /* AppDelegate.swift */; };
		4990AF4C25B471BA00F9669C /* SceneDelegate.swift in Sources */ = {isa = PBXBuildFile; fileRef = 4990AF4B25B471BA00F9669C /* SceneDelegate.swift */; };
		4990AF5125B471BA00F9669C /* Main.storyboard in Resources */ = {isa = PBXBuildFile; fileRef = 4990AF4F25B471BA00F9669C /* Main.storyboard */; };
		4990AF5425B471BA00F9669C /* FlashcardsATheGym.xcdatamodeld in Sources */ = {isa = PBXBuildFile; fileRef = 4990AF5225B471BA00F9669C /* FlashcardsATheGym.xcdatamodeld */; };
		4990AF5625B471BB00F9669C /* Assets.xcassets in Resources */ = {isa = PBXBuildFile; fileRef = 4990AF5525B471BB00F9669C /* Assets.xcassets */; };
		4990AF5925B471BB00F9669C /* LaunchScreen.storyboard in Resources */ = {isa = PBXBuildFile; fileRef = 4990AF5725B471BB00F9669C /* LaunchScreen.storyboard */; };
		4990AF6425B471BB00F9669C /* FlashcardsATheGymTests.swift in Sources */ = {isa = PBXBuildFile; fileRef = 4990AF6325B471BB00F9669C /* FlashcardsATheGymTests.swift */; };
		4990AF6F25B471BB00F9669C /* FlashcardsATheGymUITests.swift in Sources */ = {isa = PBXBuildFile; fileRef = 4990AF6E25B471BB00F9669C /* FlashcardsATheGymUITests.swift */; };
		4990AF8C25B488EE00F9669C /* Constants.swift in Sources */ = {isa = PBXBuildFile; fileRef = 4990AF8B25B488EE00F9669C /* Constants.swift */; };
		4990AF9425B4892400F9669C /* UIKitExtensions.swift in Sources */ = {isa = PBXBuildFile; fileRef = 4990AF9325B4892400F9669C /* UIKitExtensions.swift */; };
		4990AF9925B4898000F9669C /* TrainingViewController.swift in Sources */ = {isa = PBXBuildFile; fileRef = 4990AF9825B4898000F9669C /* TrainingViewController.swift */; };
		4990AF9E25B489A700F9669C /* PreviousTrainingsTableViewCell.swift in Sources */ = {isa = PBXBuildFile; fileRef = 4990AF9D25B489A700F9669C /* PreviousTrainingsTableViewCell.swift */; };
		4990AFA325B489D100F9669C /* FlashcardsViewController.swift in Sources */ = {isa = PBXBuildFile; fileRef = 4990AFA225B489D100F9669C /* FlashcardsViewController.swift */; };
		4990AFA825B4C22000F9669C /* ListsTableViewCell.swift in Sources */ = {isa = PBXBuildFile; fileRef = 4990AFA725B4C22000F9669C /* ListsTableViewCell.swift */; };
		4990AFAD25B5B46500F9669C /* GoogleService-Info.plist in Resources */ = {isa = PBXBuildFile; fileRef = 4990AFAC25B5B46500F9669C /* GoogleService-Info.plist */; };
		4990AFF425B5C99900F9669C /* SignUpLoginSkipController.swift in Sources */ = {isa = PBXBuildFile; fileRef = 4990AFF325B5C99900F9669C /* SignUpLoginSkipController.swift */; };
		4990B02425B6E23700F9669C /* SignUpViewController.swift in Sources */ = {isa = PBXBuildFile; fileRef = 4990B02325B6E23700F9669C /* SignUpViewController.swift */; };
		4990B02925B7152100F9669C /* LoginViewController.swift in Sources */ = {isa = PBXBuildFile; fileRef = 4990B02825B7152100F9669C /* LoginViewController.swift */; };
		4990B03125B7449A00F9669C /* AppManager.swift in Sources */ = {isa = PBXBuildFile; fileRef = 4990B03025B7449A00F9669C /* AppManager.swift */; };
		4990B03625B744CA00F9669C /* AppContainerViewController.swift in Sources */ = {isa = PBXBuildFile; fileRef = 4990B03525B744CA00F9669C /* AppContainerViewController.swift */; };
		4990B03B25B7636E00F9669C /* SettingsViewController.swift in Sources */ = {isa = PBXBuildFile; fileRef = 4990B03A25B7636E00F9669C /* SettingsViewController.swift */; };
		49A1F600263D9FDE00125B0C /* Teacher.swift in Sources */ = {isa = PBXBuildFile; fileRef = 49A1F5FF263D9FDE00125B0C /* Teacher.swift */; };
		49A1F602263ED5F600125B0C /* SelectTrainigModeViewController.swift in Sources */ = {isa = PBXBuildFile; fileRef = 49A1F601263ED5F600125B0C /* SelectTrainigModeViewController.swift */; };
		49A45F7A262EFCC100C6A37A /* TrainingSessionViewController.swift in Sources */ = {isa = PBXBuildFile; fileRef = 49A45F79262EFCC100C6A37A /* TrainingSessionViewController.swift */; };
		49A45F7F262F0F8500C6A37A /* FlashcardQuestion.swift in Sources */ = {isa = PBXBuildFile; fileRef = 49A45F7E262F0F8500C6A37A /* FlashcardQuestion.swift */; };
		49A9984525DBFFC0000F9DB4 /* AddListView.swift in Sources */ = {isa = PBXBuildFile; fileRef = 49A9984425DBFFC0000F9DB4 /* AddListView.swift */; };
		49AC05752620AC7C004CC4BE /* LessonFlashcardsViewController.swift in Sources */ = {isa = PBXBuildFile; fileRef = 49AC05742620AC7C004CC4BE /* LessonFlashcardsViewController.swift */; };
		49B431BC261B08C400FC99C1 /* DataHelper.swift in Sources */ = {isa = PBXBuildFile; fileRef = 49B431BB261B08C400FC99C1 /* DataHelper.swift */; };
		49D650E32622F1C2007A4B1E /* LessonsTableViewCell.swift in Sources */ = {isa = PBXBuildFile; fileRef = 49D650E22622F1C2007A4B1E /* LessonsTableViewCell.swift */; };
		49D704EA26690D300014DE0C /* TrainingSummaryReportView.swift in Sources */ = {isa = PBXBuildFile; fileRef = 49D704E926690D300014DE0C /* TrainingSummaryReportView.swift */; };
		49D704F1266928830014DE0C /* Lesson+CoreDataClass.swift in Sources */ = {isa = PBXBuildFile; fileRef = 49D704ED266928830014DE0C /* Lesson+CoreDataClass.swift */; };
		49D704F2266928830014DE0C /* Lesson+CoreDataProperties.swift in Sources */ = {isa = PBXBuildFile; fileRef = 49D704EB266928820014DE0C /* Lesson+CoreDataProperties.swift */; };
		49D704F3266928830014DE0C /* Training+CoreDataClass.swift in Sources */ = {isa = PBXBuildFile; fileRef = 49D704EC266928830014DE0C /* Training+CoreDataClass.swift */; };
		49D704F4266928830014DE0C /* Flashcard+CoreDataClass.swift in Sources */ = {isa = PBXBuildFile; fileRef = 49D704EE266928830014DE0C /* Flashcard+CoreDataClass.swift */; };
		49D704F5266928830014DE0C /* Training+CoreDataProperties.swift in Sources */ = {isa = PBXBuildFile; fileRef = 49D704F0266928830014DE0C /* Training+CoreDataProperties.swift */; };
		49D704F6266928830014DE0C /* Flashcard+CoreDataProperties.swift in Sources */ = {isa = PBXBuildFile; fileRef = 49D704EF266928830014DE0C /* Flashcard+CoreDataProperties.swift */; };
		49D704FA2669878A0014DE0C /* CorrectWrongButton.swift in Sources */ = {isa = PBXBuildFile; fileRef = 49D704F92669878A0014DE0C /* CorrectWrongButton.swift */; };
		49E2DE2025B891CF00F3C4F8 /* AddFlashcardsViewController.swift in Sources */ = {isa = PBXBuildFile; fileRef = 49E2DE1F25B891CF00F3C4F8 /* AddFlashcardsViewController.swift */; };
		49E2DE2525B8E30200F3C4F8 /* Alert.swift in Sources */ = {isa = PBXBuildFile; fileRef = 49E2DE2425B8E30200F3C4F8 /* Alert.swift */; };
		49E2DE2A25B8E5F600F3C4F8 /* AllFlashcardsViewController.swift in Sources */ = {isa = PBXBuildFile; fileRef = 49E2DE2925B8E5F600F3C4F8 /* AllFlashcardsViewController.swift */; };
		49E2DE2F25B9EC0300F3C4F8 /* FlashcardsTableViewCell.swift in Sources */ = {isa = PBXBuildFile; fileRef = 49E2DE2E25B9EC0300F3C4F8 /* FlashcardsTableViewCell.swift */; };
		49E2DE3425BA367900F3C4F8 /* EditFlashcardsViewController.swift in Sources */ = {isa = PBXBuildFile; fileRef = 49E2DE3325BA367900F3C4F8 /* EditFlashcardsViewController.swift */; };
		49E8E7B42630372A00F4DFE9 /* FlashcardAnswer.swift in Sources */ = {isa = PBXBuildFile; fileRef = 49E8E7B32630372A00F4DFE9 /* FlashcardAnswer.swift */; };
		49E90A1F266526290084984D /* ClockView.swift in Sources */ = {isa = PBXBuildFile; fileRef = 49E90A1E266526290084984D /* ClockView.swift */; };
		49E90A21266812E00084984D /* BreakTimeView.swift in Sources */ = {isa = PBXBuildFile; fileRef = 49E90A20266812E00084984D /* BreakTimeView.swift */; };
		575222F8360AE0519D9C9574 /* Pods_FlashcardsATheGym.framework in Frameworks */ = {isa = PBXBuildFile; fileRef = 748126A21688C78DA53A5A74 /* Pods_FlashcardsATheGym.framework */; };
		9EB2CD42D3C465E44B68F6AB /* Pods_FlashcardsATheGym_FlashcardsATheGymUITests.framework in Frameworks */ = {isa = PBXBuildFile; fileRef = D5239597DA1B34F529C9EE4C /* Pods_FlashcardsATheGym_FlashcardsATheGymUITests.framework */; };
		D67EA40553958F8400957878 /* Pods_FlashcardsATheGymTests.framework in Frameworks */ = {isa = PBXBuildFile; fileRef = 00374564AD2F3F6E563E9F1B /* Pods_FlashcardsATheGymTests.framework */; };
/* End PBXBuildFile section */

/* Begin PBXContainerItemProxy section */
		4990AF6025B471BB00F9669C /* PBXContainerItemProxy */ = {
			isa = PBXContainerItemProxy;
			containerPortal = 4990AF3E25B471BA00F9669C /* Project object */;
			proxyType = 1;
			remoteGlobalIDString = 4990AF4525B471BA00F9669C;
			remoteInfo = FlashcardsATheGym;
		};
		4990AF6B25B471BB00F9669C /* PBXContainerItemProxy */ = {
			isa = PBXContainerItemProxy;
			containerPortal = 4990AF3E25B471BA00F9669C /* Project object */;
			proxyType = 1;
			remoteGlobalIDString = 4990AF4525B471BA00F9669C;
			remoteInfo = FlashcardsATheGym;
		};
/* End PBXContainerItemProxy section */

/* Begin PBXFileReference section */
		00374564AD2F3F6E563E9F1B /* Pods_FlashcardsATheGymTests.framework */ = {isa = PBXFileReference; explicitFileType = wrapper.framework; includeInIndex = 0; path = Pods_FlashcardsATheGymTests.framework; sourceTree = BUILT_PRODUCTS_DIR; };
		1CF373BBF34CB669ED1E3DD2 /* Pods-FlashcardsATheGym.release.xcconfig */ = {isa = PBXFileReference; includeInIndex = 1; lastKnownFileType = text.xcconfig; name = "Pods-FlashcardsATheGym.release.xcconfig"; path = "Target Support Files/Pods-FlashcardsATheGym/Pods-FlashcardsATheGym.release.xcconfig"; sourceTree = "<group>"; };
		3671DFB4C8F454088F732860 /* Pods-FlashcardsATheGym.debug.xcconfig */ = {isa = PBXFileReference; includeInIndex = 1; lastKnownFileType = text.xcconfig; name = "Pods-FlashcardsATheGym.debug.xcconfig"; path = "Target Support Files/Pods-FlashcardsATheGym/Pods-FlashcardsATheGym.debug.xcconfig"; sourceTree = "<group>"; };
		4990AF4625B471BA00F9669C /* FlashcardsATheGym.app */ = {isa = PBXFileReference; explicitFileType = wrapper.application; includeInIndex = 0; path = FlashcardsATheGym.app; sourceTree = BUILT_PRODUCTS_DIR; };
		4990AF4925B471BA00F9669C /* AppDelegate.swift */ = {isa = PBXFileReference; lastKnownFileType = sourcecode.swift; path = AppDelegate.swift; sourceTree = "<group>"; };
		4990AF4B25B471BA00F9669C /* SceneDelegate.swift */ = {isa = PBXFileReference; lastKnownFileType = sourcecode.swift; path = SceneDelegate.swift; sourceTree = "<group>"; };
		4990AF5025B471BA00F9669C /* Base */ = {isa = PBXFileReference; lastKnownFileType = file.storyboard; name = Base; path = Base.lproj/Main.storyboard; sourceTree = "<group>"; };
		4990AF5325B471BA00F9669C /* FlashcardsATheGym.xcdatamodel */ = {isa = PBXFileReference; lastKnownFileType = wrapper.xcdatamodel; path = FlashcardsATheGym.xcdatamodel; sourceTree = "<group>"; };
		4990AF5525B471BB00F9669C /* Assets.xcassets */ = {isa = PBXFileReference; lastKnownFileType = folder.assetcatalog; path = Assets.xcassets; sourceTree = "<group>"; };
		4990AF5825B471BB00F9669C /* Base */ = {isa = PBXFileReference; lastKnownFileType = file.storyboard; name = Base; path = Base.lproj/LaunchScreen.storyboard; sourceTree = "<group>"; };
		4990AF5A25B471BB00F9669C /* Info.plist */ = {isa = PBXFileReference; lastKnownFileType = text.plist.xml; path = Info.plist; sourceTree = "<group>"; };
		4990AF5F25B471BB00F9669C /* FlashcardsATheGymTests.xctest */ = {isa = PBXFileReference; explicitFileType = wrapper.cfbundle; includeInIndex = 0; path = FlashcardsATheGymTests.xctest; sourceTree = BUILT_PRODUCTS_DIR; };
		4990AF6325B471BB00F9669C /* FlashcardsATheGymTests.swift */ = {isa = PBXFileReference; lastKnownFileType = sourcecode.swift; path = FlashcardsATheGymTests.swift; sourceTree = "<group>"; };
		4990AF6525B471BB00F9669C /* Info.plist */ = {isa = PBXFileReference; lastKnownFileType = text.plist.xml; path = Info.plist; sourceTree = "<group>"; };
		4990AF6A25B471BB00F9669C /* FlashcardsATheGymUITests.xctest */ = {isa = PBXFileReference; explicitFileType = wrapper.cfbundle; includeInIndex = 0; path = FlashcardsATheGymUITests.xctest; sourceTree = BUILT_PRODUCTS_DIR; };
		4990AF6E25B471BB00F9669C /* FlashcardsATheGymUITests.swift */ = {isa = PBXFileReference; lastKnownFileType = sourcecode.swift; path = FlashcardsATheGymUITests.swift; sourceTree = "<group>"; };
		4990AF7025B471BB00F9669C /* Info.plist */ = {isa = PBXFileReference; lastKnownFileType = text.plist.xml; path = Info.plist; sourceTree = "<group>"; };
		4990AF8B25B488EE00F9669C /* Constants.swift */ = {isa = PBXFileReference; lastKnownFileType = sourcecode.swift; path = Constants.swift; sourceTree = "<group>"; };
		4990AF9325B4892400F9669C /* UIKitExtensions.swift */ = {isa = PBXFileReference; lastKnownFileType = sourcecode.swift; path = UIKitExtensions.swift; sourceTree = "<group>"; };
		4990AF9825B4898000F9669C /* TrainingViewController.swift */ = {isa = PBXFileReference; lastKnownFileType = sourcecode.swift; path = TrainingViewController.swift; sourceTree = "<group>"; };
		4990AF9D25B489A700F9669C /* PreviousTrainingsTableViewCell.swift */ = {isa = PBXFileReference; lastKnownFileType = sourcecode.swift; path = PreviousTrainingsTableViewCell.swift; sourceTree = "<group>"; };
		4990AFA225B489D100F9669C /* FlashcardsViewController.swift */ = {isa = PBXFileReference; lastKnownFileType = sourcecode.swift; path = FlashcardsViewController.swift; sourceTree = "<group>"; };
		4990AFA725B4C22000F9669C /* ListsTableViewCell.swift */ = {isa = PBXFileReference; lastKnownFileType = sourcecode.swift; path = ListsTableViewCell.swift; sourceTree = "<group>"; };
		4990AFAC25B5B46500F9669C /* GoogleService-Info.plist */ = {isa = PBXFileReference; fileEncoding = 4; lastKnownFileType = text.plist.xml; path = "GoogleService-Info.plist"; sourceTree = "<group>"; };
		4990AFF325B5C99900F9669C /* SignUpLoginSkipController.swift */ = {isa = PBXFileReference; lastKnownFileType = sourcecode.swift; name = SignUpLoginSkipController.swift; path = FlashcardsATheGym/Controller/Authentication/SignUpLoginSkipController.swift; sourceTree = SOURCE_ROOT; };
		4990B02325B6E23700F9669C /* SignUpViewController.swift */ = {isa = PBXFileReference; lastKnownFileType = sourcecode.swift; path = SignUpViewController.swift; sourceTree = "<group>"; };
		4990B02825B7152100F9669C /* LoginViewController.swift */ = {isa = PBXFileReference; lastKnownFileType = sourcecode.swift; path = LoginViewController.swift; sourceTree = "<group>"; };
		4990B03025B7449A00F9669C /* AppManager.swift */ = {isa = PBXFileReference; lastKnownFileType = sourcecode.swift; path = AppManager.swift; sourceTree = "<group>"; };
		4990B03525B744CA00F9669C /* AppContainerViewController.swift */ = {isa = PBXFileReference; lastKnownFileType = sourcecode.swift; path = AppContainerViewController.swift; sourceTree = "<group>"; };
		4990B03A25B7636E00F9669C /* SettingsViewController.swift */ = {isa = PBXFileReference; lastKnownFileType = sourcecode.swift; path = SettingsViewController.swift; sourceTree = "<group>"; };
		49A1F5FF263D9FDE00125B0C /* Teacher.swift */ = {isa = PBXFileReference; lastKnownFileType = sourcecode.swift; path = Teacher.swift; sourceTree = "<group>"; };
		49A1F601263ED5F600125B0C /* SelectTrainigModeViewController.swift */ = {isa = PBXFileReference; lastKnownFileType = sourcecode.swift; path = SelectTrainigModeViewController.swift; sourceTree = "<group>"; };
		49A45F79262EFCC100C6A37A /* TrainingSessionViewController.swift */ = {isa = PBXFileReference; lastKnownFileType = sourcecode.swift; path = TrainingSessionViewController.swift; sourceTree = "<group>"; };
		49A45F7E262F0F8500C6A37A /* FlashcardQuestion.swift */ = {isa = PBXFileReference; lastKnownFileType = sourcecode.swift; path = FlashcardQuestion.swift; sourceTree = "<group>"; };
		49A9984425DBFFC0000F9DB4 /* AddListView.swift */ = {isa = PBXFileReference; lastKnownFileType = sourcecode.swift; path = AddListView.swift; sourceTree = "<group>"; };
		49AC05742620AC7C004CC4BE /* LessonFlashcardsViewController.swift */ = {isa = PBXFileReference; lastKnownFileType = sourcecode.swift; path = LessonFlashcardsViewController.swift; sourceTree = "<group>"; };
		49B431BB261B08C400FC99C1 /* DataHelper.swift */ = {isa = PBXFileReference; lastKnownFileType = sourcecode.swift; path = DataHelper.swift; sourceTree = "<group>"; };
		49D650E22622F1C2007A4B1E /* LessonsTableViewCell.swift */ = {isa = PBXFileReference; lastKnownFileType = sourcecode.swift; path = LessonsTableViewCell.swift; sourceTree = "<group>"; };
		49D704E926690D300014DE0C /* TrainingSummaryReportView.swift */ = {isa = PBXFileReference; lastKnownFileType = sourcecode.swift; path = TrainingSummaryReportView.swift; sourceTree = "<group>"; };
		49D704EB266928820014DE0C /* Lesson+CoreDataProperties.swift */ = {isa = PBXFileReference; lastKnownFileType = sourcecode.swift; name = "Lesson+CoreDataProperties.swift"; path = "/Users/cezaryprzygodzki/Desktop/PracaInzynierska/FlashcardsATheGym/FlashcardsATheGym/FlashcardsATheGym/Model/Lesson+CoreDataProperties.swift"; sourceTree = "<absolute>"; };
		49D704EC266928830014DE0C /* Training+CoreDataClass.swift */ = {isa = PBXFileReference; lastKnownFileType = sourcecode.swift; name = "Training+CoreDataClass.swift"; path = "/Users/cezaryprzygodzki/Desktop/PracaInzynierska/FlashcardsATheGym/FlashcardsATheGym/FlashcardsATheGym/Model/Training+CoreDataClass.swift"; sourceTree = "<absolute>"; };
		49D704ED266928830014DE0C /* Lesson+CoreDataClass.swift */ = {isa = PBXFileReference; lastKnownFileType = sourcecode.swift; name = "Lesson+CoreDataClass.swift"; path = "/Users/cezaryprzygodzki/Desktop/PracaInzynierska/FlashcardsATheGym/FlashcardsATheGym/FlashcardsATheGym/Model/Lesson+CoreDataClass.swift"; sourceTree = "<absolute>"; };
		49D704EE266928830014DE0C /* Flashcard+CoreDataClass.swift */ = {isa = PBXFileReference; lastKnownFileType = sourcecode.swift; name = "Flashcard+CoreDataClass.swift"; path = "/Users/cezaryprzygodzki/Desktop/PracaInzynierska/FlashcardsATheGym/FlashcardsATheGym/FlashcardsATheGym/Model/Flashcard+CoreDataClass.swift"; sourceTree = "<absolute>"; };
		49D704EF266928830014DE0C /* Flashcard+CoreDataProperties.swift */ = {isa = PBXFileReference; lastKnownFileType = sourcecode.swift; name = "Flashcard+CoreDataProperties.swift"; path = "/Users/cezaryprzygodzki/Desktop/PracaInzynierska/FlashcardsATheGym/FlashcardsATheGym/FlashcardsATheGym/Model/Flashcard+CoreDataProperties.swift"; sourceTree = "<absolute>"; };
		49D704F0266928830014DE0C /* Training+CoreDataProperties.swift */ = {isa = PBXFileReference; lastKnownFileType = sourcecode.swift; name = "Training+CoreDataProperties.swift"; path = "/Users/cezaryprzygodzki/Desktop/PracaInzynierska/FlashcardsATheGym/FlashcardsATheGym/FlashcardsATheGym/Model/Training+CoreDataProperties.swift"; sourceTree = "<absolute>"; };
		49D704F92669878A0014DE0C /* CorrectWrongButton.swift */ = {isa = PBXFileReference; lastKnownFileType = sourcecode.swift; path = CorrectWrongButton.swift; sourceTree = "<group>"; };
		49E2DE1F25B891CF00F3C4F8 /* AddFlashcardsViewController.swift */ = {isa = PBXFileReference; lastKnownFileType = sourcecode.swift; path = AddFlashcardsViewController.swift; sourceTree = "<group>"; };
		49E2DE2425B8E30200F3C4F8 /* Alert.swift */ = {isa = PBXFileReference; lastKnownFileType = sourcecode.swift; path = Alert.swift; sourceTree = "<group>"; };
		49E2DE2925B8E5F600F3C4F8 /* AllFlashcardsViewController.swift */ = {isa = PBXFileReference; lastKnownFileType = sourcecode.swift; path = AllFlashcardsViewController.swift; sourceTree = "<group>"; };
		49E2DE2E25B9EC0300F3C4F8 /* FlashcardsTableViewCell.swift */ = {isa = PBXFileReference; lastKnownFileType = sourcecode.swift; path = FlashcardsTableViewCell.swift; sourceTree = "<group>"; };
		49E2DE3325BA367900F3C4F8 /* EditFlashcardsViewController.swift */ = {isa = PBXFileReference; lastKnownFileType = sourcecode.swift; path = EditFlashcardsViewController.swift; sourceTree = "<group>"; };
		49E8E7B32630372A00F4DFE9 /* FlashcardAnswer.swift */ = {isa = PBXFileReference; lastKnownFileType = sourcecode.swift; path = FlashcardAnswer.swift; sourceTree = "<group>"; };
		49E90A1E266526290084984D /* ClockView.swift */ = {isa = PBXFileReference; lastKnownFileType = sourcecode.swift; path = ClockView.swift; sourceTree = "<group>"; };
		49E90A20266812E00084984D /* BreakTimeView.swift */ = {isa = PBXFileReference; lastKnownFileType = sourcecode.swift; path = BreakTimeView.swift; sourceTree = "<group>"; };
		748126A21688C78DA53A5A74 /* Pods_FlashcardsATheGym.framework */ = {isa = PBXFileReference; explicitFileType = wrapper.framework; includeInIndex = 0; path = Pods_FlashcardsATheGym.framework; sourceTree = BUILT_PRODUCTS_DIR; };
		C8EE0B69B113D0494DC321C3 /* Pods-FlashcardsATheGym-FlashcardsATheGymUITests.debug.xcconfig */ = {isa = PBXFileReference; includeInIndex = 1; lastKnownFileType = text.xcconfig; name = "Pods-FlashcardsATheGym-FlashcardsATheGymUITests.debug.xcconfig"; path = "Target Support Files/Pods-FlashcardsATheGym-FlashcardsATheGymUITests/Pods-FlashcardsATheGym-FlashcardsATheGymUITests.debug.xcconfig"; sourceTree = "<group>"; };
		D5239597DA1B34F529C9EE4C /* Pods_FlashcardsATheGym_FlashcardsATheGymUITests.framework */ = {isa = PBXFileReference; explicitFileType = wrapper.framework; includeInIndex = 0; path = Pods_FlashcardsATheGym_FlashcardsATheGymUITests.framework; sourceTree = BUILT_PRODUCTS_DIR; };
		E0E635BBC2F28EF58C27988B /* Pods-FlashcardsATheGymTests.release.xcconfig */ = {isa = PBXFileReference; includeInIndex = 1; lastKnownFileType = text.xcconfig; name = "Pods-FlashcardsATheGymTests.release.xcconfig"; path = "Target Support Files/Pods-FlashcardsATheGymTests/Pods-FlashcardsATheGymTests.release.xcconfig"; sourceTree = "<group>"; };
		E187BD786DB75FFAF33647ED /* Pods-FlashcardsATheGymTests.debug.xcconfig */ = {isa = PBXFileReference; includeInIndex = 1; lastKnownFileType = text.xcconfig; name = "Pods-FlashcardsATheGymTests.debug.xcconfig"; path = "Target Support Files/Pods-FlashcardsATheGymTests/Pods-FlashcardsATheGymTests.debug.xcconfig"; sourceTree = "<group>"; };
		E9C3AD2E64EE5D3BB4EB75C9 /* Pods-FlashcardsATheGym-FlashcardsATheGymUITests.release.xcconfig */ = {isa = PBXFileReference; includeInIndex = 1; lastKnownFileType = text.xcconfig; name = "Pods-FlashcardsATheGym-FlashcardsATheGymUITests.release.xcconfig"; path = "Target Support Files/Pods-FlashcardsATheGym-FlashcardsATheGymUITests/Pods-FlashcardsATheGym-FlashcardsATheGymUITests.release.xcconfig"; sourceTree = "<group>"; };
/* End PBXFileReference section */

/* Begin PBXFrameworksBuildPhase section */
		4990AF4325B471BA00F9669C /* Frameworks */ = {
			isa = PBXFrameworksBuildPhase;
			buildActionMask = 2147483647;
			files = (
				575222F8360AE0519D9C9574 /* Pods_FlashcardsATheGym.framework in Frameworks */,
			);
			runOnlyForDeploymentPostprocessing = 0;
		};
		4990AF5C25B471BB00F9669C /* Frameworks */ = {
			isa = PBXFrameworksBuildPhase;
			buildActionMask = 2147483647;
			files = (
				D67EA40553958F8400957878 /* Pods_FlashcardsATheGymTests.framework in Frameworks */,
			);
			runOnlyForDeploymentPostprocessing = 0;
		};
		4990AF6725B471BB00F9669C /* Frameworks */ = {
			isa = PBXFrameworksBuildPhase;
			buildActionMask = 2147483647;
			files = (
				9EB2CD42D3C465E44B68F6AB /* Pods_FlashcardsATheGym_FlashcardsATheGymUITests.framework in Frameworks */,
			);
			runOnlyForDeploymentPostprocessing = 0;
		};
/* End PBXFrameworksBuildPhase section */

/* Begin PBXGroup section */
		1EA1182FD01970E84DD1ADE5 /* Frameworks */ = {
			isa = PBXGroup;
			children = (
				748126A21688C78DA53A5A74 /* Pods_FlashcardsATheGym.framework */,
				D5239597DA1B34F529C9EE4C /* Pods_FlashcardsATheGym_FlashcardsATheGymUITests.framework */,
				00374564AD2F3F6E563E9F1B /* Pods_FlashcardsATheGymTests.framework */,
			);
			name = Frameworks;
			sourceTree = "<group>";
		};
		234AF79EE98B200D40D49422 /* Pods */ = {
			isa = PBXGroup;
			children = (
				3671DFB4C8F454088F732860 /* Pods-FlashcardsATheGym.debug.xcconfig */,
				1CF373BBF34CB669ED1E3DD2 /* Pods-FlashcardsATheGym.release.xcconfig */,
				C8EE0B69B113D0494DC321C3 /* Pods-FlashcardsATheGym-FlashcardsATheGymUITests.debug.xcconfig */,
				E9C3AD2E64EE5D3BB4EB75C9 /* Pods-FlashcardsATheGym-FlashcardsATheGymUITests.release.xcconfig */,
				E187BD786DB75FFAF33647ED /* Pods-FlashcardsATheGymTests.debug.xcconfig */,
				E0E635BBC2F28EF58C27988B /* Pods-FlashcardsATheGymTests.release.xcconfig */,
			);
			path = Pods;
			sourceTree = "<group>";
		};
		4990AF3D25B471BA00F9669C = {
			isa = PBXGroup;
			children = (
				4990AF4825B471BA00F9669C /* FlashcardsATheGym */,
				4990AF6225B471BB00F9669C /* FlashcardsATheGymTests */,
				4990AF6D25B471BB00F9669C /* FlashcardsATheGymUITests */,
				4990AF4725B471BA00F9669C /* Products */,
				234AF79EE98B200D40D49422 /* Pods */,
				1EA1182FD01970E84DD1ADE5 /* Frameworks */,
			);
			sourceTree = "<group>";
		};
		4990AF4725B471BA00F9669C /* Products */ = {
			isa = PBXGroup;
			children = (
				4990AF4625B471BA00F9669C /* FlashcardsATheGym.app */,
				4990AF5F25B471BB00F9669C /* FlashcardsATheGymTests.xctest */,
				4990AF6A25B471BB00F9669C /* FlashcardsATheGymUITests.xctest */,
			);
			name = Products;
			sourceTree = "<group>";
		};
		4990AF4825B471BA00F9669C /* FlashcardsATheGym */ = {
			isa = PBXGroup;
			children = (
				4990AF7F25B471E500F9669C /* Extensions */,
				4990AF8125B4883100F9669C /* Model */,
				4990AF8225B4883C00F9669C /* View */,
				4990AF8325B4884200F9669C /* Controller */,
				4990AF4925B471BA00F9669C /* AppDelegate.swift */,
				4990AF4B25B471BA00F9669C /* SceneDelegate.swift */,
				4990AF5525B471BB00F9669C /* Assets.xcassets */,
				4990AF5A25B471BB00F9669C /* Info.plist */,
				4990AFAC25B5B46500F9669C /* GoogleService-Info.plist */,
			);
			path = FlashcardsATheGym;
			sourceTree = "<group>";
		};
		4990AF6225B471BB00F9669C /* FlashcardsATheGymTests */ = {
			isa = PBXGroup;
			children = (
				4990AF6325B471BB00F9669C /* FlashcardsATheGymTests.swift */,
				4990AF6525B471BB00F9669C /* Info.plist */,
			);
			path = FlashcardsATheGymTests;
			sourceTree = "<group>";
		};
		4990AF6D25B471BB00F9669C /* FlashcardsATheGymUITests */ = {
			isa = PBXGroup;
			children = (
				4990AF6E25B471BB00F9669C /* FlashcardsATheGymUITests.swift */,
				4990AF7025B471BB00F9669C /* Info.plist */,
			);
			path = FlashcardsATheGymUITests;
			sourceTree = "<group>";
		};
		4990AF7F25B471E500F9669C /* Extensions */ = {
			isa = PBXGroup;
			children = (
				4990AF8B25B488EE00F9669C /* Constants.swift */,
				4990AF9325B4892400F9669C /* UIKitExtensions.swift */,
				49E2DE2425B8E30200F3C4F8 /* Alert.swift */,
			);
			path = Extensions;
			sourceTree = "<group>";
		};
		4990AF8125B4883100F9669C /* Model */ = {
			isa = PBXGroup;
			children = (
				49D704EC266928830014DE0C /* Training+CoreDataClass.swift */,
				49D704F0266928830014DE0C /* Training+CoreDataProperties.swift */,
				49D704EE266928830014DE0C /* Flashcard+CoreDataClass.swift */,
				49D704EF266928830014DE0C /* Flashcard+CoreDataProperties.swift */,
				49D704ED266928830014DE0C /* Lesson+CoreDataClass.swift */,
				49D704EB266928820014DE0C /* Lesson+CoreDataProperties.swift */,
				4990AF5225B471BA00F9669C /* FlashcardsATheGym.xcdatamodeld */,
				49B431BB261B08C400FC99C1 /* DataHelper.swift */,
			);
			path = Model;
			sourceTree = "<group>";
		};
		4990AF8225B4883C00F9669C /* View */ = {
			isa = PBXGroup;
			children = (
				4990AF5725B471BB00F9669C /* LaunchScreen.storyboard */,
				4990AF4F25B471BA00F9669C /* Main.storyboard */,
			);
			path = View;
			sourceTree = "<group>";
		};
		4990AF8325B4884200F9669C /* Controller */ = {
			isa = PBXGroup;
			children = (
				4990AFF225B5C96900F9669C /* Authentication */,
				4990AF8A25B488B300F9669C /* TreningControllers */,
				4990AF8925B488A600F9669C /* FlashcardsControllers */,
				4990AF8725B4888F00F9669C /* SettingControllers */,
			);
			path = Controller;
			sourceTree = "<group>";
		};
		4990AF8725B4888F00F9669C /* SettingControllers */ = {
			isa = PBXGroup;
			children = (
				4990B03A25B7636E00F9669C /* SettingsViewController.swift */,
			);
			path = SettingControllers;
			sourceTree = "<group>";
		};
		4990AF8925B488A600F9669C /* FlashcardsControllers */ = {
			isa = PBXGroup;
			children = (
				4990AFA225B489D100F9669C /* FlashcardsViewController.swift */,
				4990AFA725B4C22000F9669C /* ListsTableViewCell.swift */,
				49E2DE1F25B891CF00F3C4F8 /* AddFlashcardsViewController.swift */,
				49E2DE2925B8E5F600F3C4F8 /* AllFlashcardsViewController.swift */,
				49E2DE2E25B9EC0300F3C4F8 /* FlashcardsTableViewCell.swift */,
				49E2DE3325BA367900F3C4F8 /* EditFlashcardsViewController.swift */,
				49A9984425DBFFC0000F9DB4 /* AddListView.swift */,
				49AC05742620AC7C004CC4BE /* LessonFlashcardsViewController.swift */,
				49D650E22622F1C2007A4B1E /* LessonsTableViewCell.swift */,
			);
			path = FlashcardsControllers;
			sourceTree = "<group>";
		};
		4990AF8A25B488B300F9669C /* TreningControllers */ = {
			isa = PBXGroup;
			children = (
				49D704F8266985550014DE0C /* TrainingSession */,
				49D704F7266985000014DE0C /* MainTrainingViewController */,
				49A1F5FF263D9FDE00125B0C /* Teacher.swift */,
				49A1F601263ED5F600125B0C /* SelectTrainigModeViewController.swift */,
			);
			path = TreningControllers;
			sourceTree = "<group>";
		};
		4990AFF225B5C96900F9669C /* Authentication */ = {
			isa = PBXGroup;
			children = (
				4990AFF325B5C99900F9669C /* SignUpLoginSkipController.swift */,
				4990B02325B6E23700F9669C /* SignUpViewController.swift */,
				4990B02825B7152100F9669C /* LoginViewController.swift */,
				4990B03025B7449A00F9669C /* AppManager.swift */,
				4990B03525B744CA00F9669C /* AppContainerViewController.swift */,
			);
			path = Authentication;
			sourceTree = "<group>";
		};
		49D704F7266985000014DE0C /* MainTrainingViewController */ = {
			isa = PBXGroup;
			children = (
				4990AF9D25B489A700F9669C /* PreviousTrainingsTableViewCell.swift */,
				49D704E926690D300014DE0C /* TrainingSummaryReportView.swift */,
				4990AF9825B4898000F9669C /* TrainingViewController.swift */,
			);
			path = MainTrainingViewController;
			sourceTree = "<group>";
		};
		49D704F8266985550014DE0C /* TrainingSession */ = {
			isa = PBXGroup;
			children = (
				49E90A20266812E00084984D /* BreakTimeView.swift */,
				49E90A1E266526290084984D /* ClockView.swift */,
				49E8E7B32630372A00F4DFE9 /* FlashcardAnswer.swift */,
				49A45F7E262F0F8500C6A37A /* FlashcardQuestion.swift */,
				49A45F79262EFCC100C6A37A /* TrainingSessionViewController.swift */,
				49D704F92669878A0014DE0C /* CorrectWrongButton.swift */,
			);
			path = TrainingSession;
			sourceTree = "<group>";
		};
/* End PBXGroup section */

/* Begin PBXNativeTarget section */
		4990AF4525B471BA00F9669C /* FlashcardsATheGym */ = {
			isa = PBXNativeTarget;
			buildConfigurationList = 4990AF7325B471BB00F9669C /* Build configuration list for PBXNativeTarget "FlashcardsATheGym" */;
			buildPhases = (
				8C7C8A7CB19AFCB6ED2A4A3C /* [CP] Check Pods Manifest.lock */,
				4990AF4225B471BA00F9669C /* Sources */,
				4990AF4325B471BA00F9669C /* Frameworks */,
				4990AF4425B471BA00F9669C /* Resources */,
				D479D643E6F312E47D7E4F76 /* [CP] Embed Pods Frameworks */,
				4D6813A03A613D48754F8995 /* [CP] Copy Pods Resources */,
			);
			buildRules = (
			);
			dependencies = (
			);
			name = FlashcardsATheGym;
			productName = FlashcardsATheGym;
			productReference = 4990AF4625B471BA00F9669C /* FlashcardsATheGym.app */;
			productType = "com.apple.product-type.application";
		};
		4990AF5E25B471BB00F9669C /* FlashcardsATheGymTests */ = {
			isa = PBXNativeTarget;
			buildConfigurationList = 4990AF7625B471BB00F9669C /* Build configuration list for PBXNativeTarget "FlashcardsATheGymTests" */;
			buildPhases = (
				A20ED3ECCA422D7329186F85 /* [CP] Check Pods Manifest.lock */,
				4990AF5B25B471BB00F9669C /* Sources */,
				4990AF5C25B471BB00F9669C /* Frameworks */,
				4990AF5D25B471BB00F9669C /* Resources */,
			);
			buildRules = (
			);
			dependencies = (
				4990AF6125B471BB00F9669C /* PBXTargetDependency */,
			);
			name = FlashcardsATheGymTests;
			productName = FlashcardsATheGymTests;
			productReference = 4990AF5F25B471BB00F9669C /* FlashcardsATheGymTests.xctest */;
			productType = "com.apple.product-type.bundle.unit-test";
		};
		4990AF6925B471BB00F9669C /* FlashcardsATheGymUITests */ = {
			isa = PBXNativeTarget;
			buildConfigurationList = 4990AF7925B471BB00F9669C /* Build configuration list for PBXNativeTarget "FlashcardsATheGymUITests" */;
			buildPhases = (
				C515E43A1AA6FD2AF0001B79 /* [CP] Check Pods Manifest.lock */,
				4990AF6625B471BB00F9669C /* Sources */,
				4990AF6725B471BB00F9669C /* Frameworks */,
				4990AF6825B471BB00F9669C /* Resources */,
				2E281B92766C8CA489F11E9A /* [CP] Embed Pods Frameworks */,
				730265B8D7337F68F6C7B4F0 /* [CP] Copy Pods Resources */,
			);
			buildRules = (
			);
			dependencies = (
				4990AF6C25B471BB00F9669C /* PBXTargetDependency */,
			);
			name = FlashcardsATheGymUITests;
			productName = FlashcardsATheGymUITests;
			productReference = 4990AF6A25B471BB00F9669C /* FlashcardsATheGymUITests.xctest */;
			productType = "com.apple.product-type.bundle.ui-testing";
		};
/* End PBXNativeTarget section */

/* Begin PBXProject section */
		4990AF3E25B471BA00F9669C /* Project object */ = {
			isa = PBXProject;
			attributes = {
				LastSwiftUpdateCheck = 1230;
				LastUpgradeCheck = 1230;
				TargetAttributes = {
					4990AF4525B471BA00F9669C = {
						CreatedOnToolsVersion = 12.3;
					};
					4990AF5E25B471BB00F9669C = {
						CreatedOnToolsVersion = 12.3;
						TestTargetID = 4990AF4525B471BA00F9669C;
					};
					4990AF6925B471BB00F9669C = {
						CreatedOnToolsVersion = 12.3;
						TestTargetID = 4990AF4525B471BA00F9669C;
					};
				};
			};
			buildConfigurationList = 4990AF4125B471BA00F9669C /* Build configuration list for PBXProject "FlashcardsATheGym" */;
			compatibilityVersion = "Xcode 9.3";
			developmentRegion = en;
			hasScannedForEncodings = 0;
			knownRegions = (
				en,
				Base,
			);
			mainGroup = 4990AF3D25B471BA00F9669C;
			productRefGroup = 4990AF4725B471BA00F9669C /* Products */;
			projectDirPath = "";
			projectRoot = "";
			targets = (
				4990AF4525B471BA00F9669C /* FlashcardsATheGym */,
				4990AF5E25B471BB00F9669C /* FlashcardsATheGymTests */,
				4990AF6925B471BB00F9669C /* FlashcardsATheGymUITests */,
			);
		};
/* End PBXProject section */

/* Begin PBXResourcesBuildPhase section */
		4990AF4425B471BA00F9669C /* Resources */ = {
			isa = PBXResourcesBuildPhase;
			buildActionMask = 2147483647;
			files = (
				4990AF5925B471BB00F9669C /* LaunchScreen.storyboard in Resources */,
				4990AFAD25B5B46500F9669C /* GoogleService-Info.plist in Resources */,
				4990AF5625B471BB00F9669C /* Assets.xcassets in Resources */,
				4990AF5125B471BA00F9669C /* Main.storyboard in Resources */,
			);
			runOnlyForDeploymentPostprocessing = 0;
		};
		4990AF5D25B471BB00F9669C /* Resources */ = {
			isa = PBXResourcesBuildPhase;
			buildActionMask = 2147483647;
			files = (
			);
			runOnlyForDeploymentPostprocessing = 0;
		};
		4990AF6825B471BB00F9669C /* Resources */ = {
			isa = PBXResourcesBuildPhase;
			buildActionMask = 2147483647;
			files = (
			);
			runOnlyForDeploymentPostprocessing = 0;
		};
/* End PBXResourcesBuildPhase section */

/* Begin PBXShellScriptBuildPhase section */
		2E281B92766C8CA489F11E9A /* [CP] Embed Pods Frameworks */ = {
			isa = PBXShellScriptBuildPhase;
			buildActionMask = 2147483647;
			files = (
			);
			inputFileListPaths = (
				"${PODS_ROOT}/Target Support Files/Pods-FlashcardsATheGym-FlashcardsATheGymUITests/Pods-FlashcardsATheGym-FlashcardsATheGymUITests-frameworks-${CONFIGURATION}-input-files.xcfilelist",
			);
			name = "[CP] Embed Pods Frameworks";
			outputFileListPaths = (
				"${PODS_ROOT}/Target Support Files/Pods-FlashcardsATheGym-FlashcardsATheGymUITests/Pods-FlashcardsATheGym-FlashcardsATheGymUITests-frameworks-${CONFIGURATION}-output-files.xcfilelist",
			);
			runOnlyForDeploymentPostprocessing = 0;
			shellPath = /bin/sh;
			shellScript = "\"${PODS_ROOT}/Target Support Files/Pods-FlashcardsATheGym-FlashcardsATheGymUITests/Pods-FlashcardsATheGym-FlashcardsATheGymUITests-frameworks.sh\"\n";
			showEnvVarsInLog = 0;
		};
		4D6813A03A613D48754F8995 /* [CP] Copy Pods Resources */ = {
			isa = PBXShellScriptBuildPhase;
			buildActionMask = 2147483647;
			files = (
			);
			inputFileListPaths = (
				"${PODS_ROOT}/Target Support Files/Pods-FlashcardsATheGym/Pods-FlashcardsATheGym-resources-${CONFIGURATION}-input-files.xcfilelist",
			);
			name = "[CP] Copy Pods Resources";
			outputFileListPaths = (
				"${PODS_ROOT}/Target Support Files/Pods-FlashcardsATheGym/Pods-FlashcardsATheGym-resources-${CONFIGURATION}-output-files.xcfilelist",
			);
			runOnlyForDeploymentPostprocessing = 0;
			shellPath = /bin/sh;
			shellScript = "\"${PODS_ROOT}/Target Support Files/Pods-FlashcardsATheGym/Pods-FlashcardsATheGym-resources.sh\"\n";
			showEnvVarsInLog = 0;
		};
		730265B8D7337F68F6C7B4F0 /* [CP] Copy Pods Resources */ = {
			isa = PBXShellScriptBuildPhase;
			buildActionMask = 2147483647;
			files = (
			);
			inputFileListPaths = (
				"${PODS_ROOT}/Target Support Files/Pods-FlashcardsATheGym-FlashcardsATheGymUITests/Pods-FlashcardsATheGym-FlashcardsATheGymUITests-resources-${CONFIGURATION}-input-files.xcfilelist",
			);
			name = "[CP] Copy Pods Resources";
			outputFileListPaths = (
				"${PODS_ROOT}/Target Support Files/Pods-FlashcardsATheGym-FlashcardsATheGymUITests/Pods-FlashcardsATheGym-FlashcardsATheGymUITests-resources-${CONFIGURATION}-output-files.xcfilelist",
			);
			runOnlyForDeploymentPostprocessing = 0;
			shellPath = /bin/sh;
			shellScript = "\"${PODS_ROOT}/Target Support Files/Pods-FlashcardsATheGym-FlashcardsATheGymUITests/Pods-FlashcardsATheGym-FlashcardsATheGymUITests-resources.sh\"\n";
			showEnvVarsInLog = 0;
		};
		8C7C8A7CB19AFCB6ED2A4A3C /* [CP] Check Pods Manifest.lock */ = {
			isa = PBXShellScriptBuildPhase;
			buildActionMask = 2147483647;
			files = (
			);
			inputFileListPaths = (
			);
			inputPaths = (
				"${PODS_PODFILE_DIR_PATH}/Podfile.lock",
				"${PODS_ROOT}/Manifest.lock",
			);
			name = "[CP] Check Pods Manifest.lock";
			outputFileListPaths = (
			);
			outputPaths = (
				"$(DERIVED_FILE_DIR)/Pods-FlashcardsATheGym-checkManifestLockResult.txt",
			);
			runOnlyForDeploymentPostprocessing = 0;
			shellPath = /bin/sh;
			shellScript = "diff \"${PODS_PODFILE_DIR_PATH}/Podfile.lock\" \"${PODS_ROOT}/Manifest.lock\" > /dev/null\nif [ $? != 0 ] ; then\n    # print error to STDERR\n    echo \"error: The sandbox is not in sync with the Podfile.lock. Run 'pod install' or update your CocoaPods installation.\" >&2\n    exit 1\nfi\n# This output is used by Xcode 'outputs' to avoid re-running this script phase.\necho \"SUCCESS\" > \"${SCRIPT_OUTPUT_FILE_0}\"\n";
			showEnvVarsInLog = 0;
		};
		A20ED3ECCA422D7329186F85 /* [CP] Check Pods Manifest.lock */ = {
			isa = PBXShellScriptBuildPhase;
			buildActionMask = 2147483647;
			files = (
			);
			inputFileListPaths = (
			);
			inputPaths = (
				"${PODS_PODFILE_DIR_PATH}/Podfile.lock",
				"${PODS_ROOT}/Manifest.lock",
			);
			name = "[CP] Check Pods Manifest.lock";
			outputFileListPaths = (
			);
			outputPaths = (
				"$(DERIVED_FILE_DIR)/Pods-FlashcardsATheGymTests-checkManifestLockResult.txt",
			);
			runOnlyForDeploymentPostprocessing = 0;
			shellPath = /bin/sh;
			shellScript = "diff \"${PODS_PODFILE_DIR_PATH}/Podfile.lock\" \"${PODS_ROOT}/Manifest.lock\" > /dev/null\nif [ $? != 0 ] ; then\n    # print error to STDERR\n    echo \"error: The sandbox is not in sync with the Podfile.lock. Run 'pod install' or update your CocoaPods installation.\" >&2\n    exit 1\nfi\n# This output is used by Xcode 'outputs' to avoid re-running this script phase.\necho \"SUCCESS\" > \"${SCRIPT_OUTPUT_FILE_0}\"\n";
			showEnvVarsInLog = 0;
		};
		C515E43A1AA6FD2AF0001B79 /* [CP] Check Pods Manifest.lock */ = {
			isa = PBXShellScriptBuildPhase;
			buildActionMask = 2147483647;
			files = (
			);
			inputFileListPaths = (
			);
			inputPaths = (
				"${PODS_PODFILE_DIR_PATH}/Podfile.lock",
				"${PODS_ROOT}/Manifest.lock",
			);
			name = "[CP] Check Pods Manifest.lock";
			outputFileListPaths = (
			);
			outputPaths = (
				"$(DERIVED_FILE_DIR)/Pods-FlashcardsATheGym-FlashcardsATheGymUITests-checkManifestLockResult.txt",
			);
			runOnlyForDeploymentPostprocessing = 0;
			shellPath = /bin/sh;
			shellScript = "diff \"${PODS_PODFILE_DIR_PATH}/Podfile.lock\" \"${PODS_ROOT}/Manifest.lock\" > /dev/null\nif [ $? != 0 ] ; then\n    # print error to STDERR\n    echo \"error: The sandbox is not in sync with the Podfile.lock. Run 'pod install' or update your CocoaPods installation.\" >&2\n    exit 1\nfi\n# This output is used by Xcode 'outputs' to avoid re-running this script phase.\necho \"SUCCESS\" > \"${SCRIPT_OUTPUT_FILE_0}\"\n";
			showEnvVarsInLog = 0;
		};
		D479D643E6F312E47D7E4F76 /* [CP] Embed Pods Frameworks */ = {
			isa = PBXShellScriptBuildPhase;
			buildActionMask = 2147483647;
			files = (
			);
			inputFileListPaths = (
				"${PODS_ROOT}/Target Support Files/Pods-FlashcardsATheGym/Pods-FlashcardsATheGym-frameworks-${CONFIGURATION}-input-files.xcfilelist",
			);
			name = "[CP] Embed Pods Frameworks";
			outputFileListPaths = (
				"${PODS_ROOT}/Target Support Files/Pods-FlashcardsATheGym/Pods-FlashcardsATheGym-frameworks-${CONFIGURATION}-output-files.xcfilelist",
			);
			runOnlyForDeploymentPostprocessing = 0;
			shellPath = /bin/sh;
			shellScript = "\"${PODS_ROOT}/Target Support Files/Pods-FlashcardsATheGym/Pods-FlashcardsATheGym-frameworks.sh\"\n";
			showEnvVarsInLog = 0;
		};
/* End PBXShellScriptBuildPhase section */

/* Begin PBXSourcesBuildPhase section */
		4990AF4225B471BA00F9669C /* Sources */ = {
			isa = PBXSourcesBuildPhase;
			buildActionMask = 2147483647;
			files = (
				4990B02925B7152100F9669C /* LoginViewController.swift in Sources */,
				4990B02425B6E23700F9669C /* SignUpViewController.swift in Sources */,
				49D704F2266928830014DE0C /* Lesson+CoreDataProperties.swift in Sources */,
				49E2DE2025B891CF00F3C4F8 /* AddFlashcardsViewController.swift in Sources */,
				49A1F600263D9FDE00125B0C /* Teacher.swift in Sources */,
				49D704F5266928830014DE0C /* Training+CoreDataProperties.swift in Sources */,
				4990AFF425B5C99900F9669C /* SignUpLoginSkipController.swift in Sources */,
				49E2DE2A25B8E5F600F3C4F8 /* AllFlashcardsViewController.swift in Sources */,
				49D704F3266928830014DE0C /* Training+CoreDataClass.swift in Sources */,
				49D650E32622F1C2007A4B1E /* LessonsTableViewCell.swift in Sources */,
				49E2DE2525B8E30200F3C4F8 /* Alert.swift in Sources */,
				49E90A1F266526290084984D /* ClockView.swift in Sources */,
				4990AF5425B471BA00F9669C /* FlashcardsATheGym.xcdatamodeld in Sources */,
				49D704EA26690D300014DE0C /* TrainingSummaryReportView.swift in Sources */,
				49E8E7B42630372A00F4DFE9 /* FlashcardAnswer.swift in Sources */,
				4990AF8C25B488EE00F9669C /* Constants.swift in Sources */,
				49AC05752620AC7C004CC4BE /* LessonFlashcardsViewController.swift in Sources */,
				49A45F7F262F0F8500C6A37A /* FlashcardQuestion.swift in Sources */,
				49A1F602263ED5F600125B0C /* SelectTrainigModeViewController.swift in Sources */,
				49D704F4266928830014DE0C /* Flashcard+CoreDataClass.swift in Sources */,
				4990AF9E25B489A700F9669C /* PreviousTrainingsTableViewCell.swift in Sources */,
				49D704F1266928830014DE0C /* Lesson+CoreDataClass.swift in Sources */,
				4990B03625B744CA00F9669C /* AppContainerViewController.swift in Sources */,
				4990B03125B7449A00F9669C /* AppManager.swift in Sources */,
				49A45F7A262EFCC100C6A37A /* TrainingSessionViewController.swift in Sources */,
				49A9984525DBFFC0000F9DB4 /* AddListView.swift in Sources */,
				49D704FA2669878A0014DE0C /* CorrectWrongButton.swift in Sources */,
				4990B03B25B7636E00F9669C /* SettingsViewController.swift in Sources */,
				4990AFA325B489D100F9669C /* FlashcardsViewController.swift in Sources */,
				4990AF9925B4898000F9669C /* TrainingViewController.swift in Sources */,
				4990AFA825B4C22000F9669C /* ListsTableViewCell.swift in Sources */,
				49E2DE3425BA367900F3C4F8 /* EditFlashcardsViewController.swift in Sources */,
				49E2DE2F25B9EC0300F3C4F8 /* FlashcardsTableViewCell.swift in Sources */,
				4990AF4A25B471BA00F9669C /* AppDelegate.swift in Sources */,
				49D704F6266928830014DE0C /* Flashcard+CoreDataProperties.swift in Sources */,
				49B431BC261B08C400FC99C1 /* DataHelper.swift in Sources */,
				4990AF4C25B471BA00F9669C /* SceneDelegate.swift in Sources */,
				49E90A21266812E00084984D /* BreakTimeView.swift in Sources */,
				4990AF9425B4892400F9669C /* UIKitExtensions.swift in Sources */,
			);
			runOnlyForDeploymentPostprocessing = 0;
		};
		4990AF5B25B471BB00F9669C /* Sources */ = {
			isa = PBXSourcesBuildPhase;
			buildActionMask = 2147483647;
			files = (
				4990AF6425B471BB00F9669C /* FlashcardsATheGymTests.swift in Sources */,
			);
			runOnlyForDeploymentPostprocessing = 0;
		};
		4990AF6625B471BB00F9669C /* Sources */ = {
			isa = PBXSourcesBuildPhase;
			buildActionMask = 2147483647;
			files = (
				4990AF6F25B471BB00F9669C /* FlashcardsATheGymUITests.swift in Sources */,
			);
			runOnlyForDeploymentPostprocessing = 0;
		};
/* End PBXSourcesBuildPhase section */

/* Begin PBXTargetDependency section */
		4990AF6125B471BB00F9669C /* PBXTargetDependency */ = {
			isa = PBXTargetDependency;
			target = 4990AF4525B471BA00F9669C /* FlashcardsATheGym */;
			targetProxy = 4990AF6025B471BB00F9669C /* PBXContainerItemProxy */;
		};
		4990AF6C25B471BB00F9669C /* PBXTargetDependency */ = {
			isa = PBXTargetDependency;
			target = 4990AF4525B471BA00F9669C /* FlashcardsATheGym */;
			targetProxy = 4990AF6B25B471BB00F9669C /* PBXContainerItemProxy */;
		};
/* End PBXTargetDependency section */

/* Begin PBXVariantGroup section */
		4990AF4F25B471BA00F9669C /* Main.storyboard */ = {
			isa = PBXVariantGroup;
			children = (
				4990AF5025B471BA00F9669C /* Base */,
			);
			name = Main.storyboard;
			sourceTree = "<group>";
		};
		4990AF5725B471BB00F9669C /* LaunchScreen.storyboard */ = {
			isa = PBXVariantGroup;
			children = (
				4990AF5825B471BB00F9669C /* Base */,
			);
			name = LaunchScreen.storyboard;
			sourceTree = "<group>";
		};
/* End PBXVariantGroup section */

/* Begin XCBuildConfiguration section */
		4990AF7125B471BB00F9669C /* Debug */ = {
			isa = XCBuildConfiguration;
			buildSettings = {
				ALWAYS_SEARCH_USER_PATHS = NO;
				CLANG_ANALYZER_NONNULL = YES;
				CLANG_ANALYZER_NUMBER_OBJECT_CONVERSION = YES_AGGRESSIVE;
				CLANG_CXX_LANGUAGE_STANDARD = "gnu++14";
				CLANG_CXX_LIBRARY = "libc++";
				CLANG_ENABLE_MODULES = YES;
				CLANG_ENABLE_OBJC_ARC = YES;
				CLANG_ENABLE_OBJC_WEAK = YES;
				CLANG_WARN_BLOCK_CAPTURE_AUTORELEASING = YES;
				CLANG_WARN_BOOL_CONVERSION = YES;
				CLANG_WARN_COMMA = YES;
				CLANG_WARN_CONSTANT_CONVERSION = YES;
				CLANG_WARN_DEPRECATED_OBJC_IMPLEMENTATIONS = YES;
				CLANG_WARN_DIRECT_OBJC_ISA_USAGE = YES_ERROR;
				CLANG_WARN_DOCUMENTATION_COMMENTS = YES;
				CLANG_WARN_EMPTY_BODY = YES;
				CLANG_WARN_ENUM_CONVERSION = YES;
				CLANG_WARN_INFINITE_RECURSION = YES;
				CLANG_WARN_INT_CONVERSION = YES;
				CLANG_WARN_NON_LITERAL_NULL_CONVERSION = YES;
				CLANG_WARN_OBJC_IMPLICIT_RETAIN_SELF = YES;
				CLANG_WARN_OBJC_LITERAL_CONVERSION = YES;
				CLANG_WARN_OBJC_ROOT_CLASS = YES_ERROR;
				CLANG_WARN_QUOTED_INCLUDE_IN_FRAMEWORK_HEADER = YES;
				CLANG_WARN_RANGE_LOOP_ANALYSIS = YES;
				CLANG_WARN_STRICT_PROTOTYPES = YES;
				CLANG_WARN_SUSPICIOUS_MOVE = YES;
				CLANG_WARN_UNGUARDED_AVAILABILITY = YES_AGGRESSIVE;
				CLANG_WARN_UNREACHABLE_CODE = YES;
				CLANG_WARN__DUPLICATE_METHOD_MATCH = YES;
				COPY_PHASE_STRIP = NO;
				DEBUG_INFORMATION_FORMAT = dwarf;
				ENABLE_STRICT_OBJC_MSGSEND = YES;
				ENABLE_TESTABILITY = YES;
				GCC_C_LANGUAGE_STANDARD = gnu11;
				GCC_DYNAMIC_NO_PIC = NO;
				GCC_NO_COMMON_BLOCKS = YES;
				GCC_OPTIMIZATION_LEVEL = 0;
				GCC_PREPROCESSOR_DEFINITIONS = (
					"DEBUG=1",
					"$(inherited)",
				);
				GCC_WARN_64_TO_32_BIT_CONVERSION = YES;
				GCC_WARN_ABOUT_RETURN_TYPE = YES_ERROR;
				GCC_WARN_UNDECLARED_SELECTOR = YES;
				GCC_WARN_UNINITIALIZED_AUTOS = YES_AGGRESSIVE;
				GCC_WARN_UNUSED_FUNCTION = YES;
				GCC_WARN_UNUSED_VARIABLE = YES;
				IPHONEOS_DEPLOYMENT_TARGET = 14.3;
				MTL_ENABLE_DEBUG_INFO = INCLUDE_SOURCE;
				MTL_FAST_MATH = YES;
				ONLY_ACTIVE_ARCH = YES;
				SDKROOT = iphoneos;
				SWIFT_ACTIVE_COMPILATION_CONDITIONS = DEBUG;
				SWIFT_OPTIMIZATION_LEVEL = "-Onone";
			};
			name = Debug;
		};
		4990AF7225B471BB00F9669C /* Release */ = {
			isa = XCBuildConfiguration;
			buildSettings = {
				ALWAYS_SEARCH_USER_PATHS = NO;
				CLANG_ANALYZER_NONNULL = YES;
				CLANG_ANALYZER_NUMBER_OBJECT_CONVERSION = YES_AGGRESSIVE;
				CLANG_CXX_LANGUAGE_STANDARD = "gnu++14";
				CLANG_CXX_LIBRARY = "libc++";
				CLANG_ENABLE_MODULES = YES;
				CLANG_ENABLE_OBJC_ARC = YES;
				CLANG_ENABLE_OBJC_WEAK = YES;
				CLANG_WARN_BLOCK_CAPTURE_AUTORELEASING = YES;
				CLANG_WARN_BOOL_CONVERSION = YES;
				CLANG_WARN_COMMA = YES;
				CLANG_WARN_CONSTANT_CONVERSION = YES;
				CLANG_WARN_DEPRECATED_OBJC_IMPLEMENTATIONS = YES;
				CLANG_WARN_DIRECT_OBJC_ISA_USAGE = YES_ERROR;
				CLANG_WARN_DOCUMENTATION_COMMENTS = YES;
				CLANG_WARN_EMPTY_BODY = YES;
				CLANG_WARN_ENUM_CONVERSION = YES;
				CLANG_WARN_INFINITE_RECURSION = YES;
				CLANG_WARN_INT_CONVERSION = YES;
				CLANG_WARN_NON_LITERAL_NULL_CONVERSION = YES;
				CLANG_WARN_OBJC_IMPLICIT_RETAIN_SELF = YES;
				CLANG_WARN_OBJC_LITERAL_CONVERSION = YES;
				CLANG_WARN_OBJC_ROOT_CLASS = YES_ERROR;
				CLANG_WARN_QUOTED_INCLUDE_IN_FRAMEWORK_HEADER = YES;
				CLANG_WARN_RANGE_LOOP_ANALYSIS = YES;
				CLANG_WARN_STRICT_PROTOTYPES = YES;
				CLANG_WARN_SUSPICIOUS_MOVE = YES;
				CLANG_WARN_UNGUARDED_AVAILABILITY = YES_AGGRESSIVE;
				CLANG_WARN_UNREACHABLE_CODE = YES;
				CLANG_WARN__DUPLICATE_METHOD_MATCH = YES;
				COPY_PHASE_STRIP = NO;
				DEBUG_INFORMATION_FORMAT = "dwarf-with-dsym";
				ENABLE_NS_ASSERTIONS = NO;
				ENABLE_STRICT_OBJC_MSGSEND = YES;
				GCC_C_LANGUAGE_STANDARD = gnu11;
				GCC_NO_COMMON_BLOCKS = YES;
				GCC_WARN_64_TO_32_BIT_CONVERSION = YES;
				GCC_WARN_ABOUT_RETURN_TYPE = YES_ERROR;
				GCC_WARN_UNDECLARED_SELECTOR = YES;
				GCC_WARN_UNINITIALIZED_AUTOS = YES_AGGRESSIVE;
				GCC_WARN_UNUSED_FUNCTION = YES;
				GCC_WARN_UNUSED_VARIABLE = YES;
				IPHONEOS_DEPLOYMENT_TARGET = 14.3;
				MTL_ENABLE_DEBUG_INFO = NO;
				MTL_FAST_MATH = YES;
				SDKROOT = iphoneos;
				SWIFT_COMPILATION_MODE = wholemodule;
				SWIFT_OPTIMIZATION_LEVEL = "-O";
				VALIDATE_PRODUCT = YES;
			};
			name = Release;
		};
		4990AF7425B471BB00F9669C /* Debug */ = {
			isa = XCBuildConfiguration;
			baseConfigurationReference = 3671DFB4C8F454088F732860 /* Pods-FlashcardsATheGym.debug.xcconfig */;
			buildSettings = {
				ASSETCATALOG_COMPILER_APPICON_NAME = AppIcon;
				ASSETCATALOG_COMPILER_GLOBAL_ACCENT_COLOR_NAME = AccentColor;
				CODE_SIGN_STYLE = Automatic;
				DEVELOPMENT_TEAM = F67DJJKXHT;
				INFOPLIST_FILE = FlashcardsATheGym/Info.plist;
				LD_RUNPATH_SEARCH_PATHS = (
					"$(inherited)",
					"@executable_path/Frameworks",
				);
				PRODUCT_BUNDLE_IDENTIFIER = Siemaszefie.FlashcardsATheGym;
				PRODUCT_NAME = "$(TARGET_NAME)";
				SWIFT_VERSION = 5.0;
				TARGETED_DEVICE_FAMILY = "1,2";
			};
			name = Debug;
		};
		4990AF7525B471BB00F9669C /* Release */ = {
			isa = XCBuildConfiguration;
			baseConfigurationReference = 1CF373BBF34CB669ED1E3DD2 /* Pods-FlashcardsATheGym.release.xcconfig */;
			buildSettings = {
				ASSETCATALOG_COMPILER_APPICON_NAME = AppIcon;
				ASSETCATALOG_COMPILER_GLOBAL_ACCENT_COLOR_NAME = AccentColor;
				CODE_SIGN_STYLE = Automatic;
				DEVELOPMENT_TEAM = F67DJJKXHT;
				INFOPLIST_FILE = FlashcardsATheGym/Info.plist;
				LD_RUNPATH_SEARCH_PATHS = (
					"$(inherited)",
					"@executable_path/Frameworks",
				);
				PRODUCT_BUNDLE_IDENTIFIER = Siemaszefie.FlashcardsATheGym;
				PRODUCT_NAME = "$(TARGET_NAME)";
				SWIFT_VERSION = 5.0;
				TARGETED_DEVICE_FAMILY = "1,2";
			};
			name = Release;
		};
		4990AF7725B471BB00F9669C /* Debug */ = {
			isa = XCBuildConfiguration;
			baseConfigurationReference = E187BD786DB75FFAF33647ED /* Pods-FlashcardsATheGymTests.debug.xcconfig */;
			buildSettings = {
				ALWAYS_EMBED_SWIFT_STANDARD_LIBRARIES = YES;
				BUNDLE_LOADER = "$(TEST_HOST)";
				CODE_SIGN_STYLE = Automatic;
				DEVELOPMENT_TEAM = F67DJJKXHT;
				INFOPLIST_FILE = FlashcardsATheGymTests/Info.plist;
				IPHONEOS_DEPLOYMENT_TARGET = 14.3;
				LD_RUNPATH_SEARCH_PATHS = (
					"$(inherited)",
					"@executable_path/Frameworks",
					"@loader_path/Frameworks",
				);
				PRODUCT_BUNDLE_IDENTIFIER = Siemaszefie.FlashcardsATheGymTests;
				PRODUCT_NAME = "$(TARGET_NAME)";
				SWIFT_VERSION = 5.0;
				TARGETED_DEVICE_FAMILY = "1,2";
				TEST_HOST = "$(BUILT_PRODUCTS_DIR)/FlashcardsATheGym.app/FlashcardsATheGym";
			};
			name = Debug;
		};
		4990AF7825B471BB00F9669C /* Release */ = {
			isa = XCBuildConfiguration;
			baseConfigurationReference = E0E635BBC2F28EF58C27988B /* Pods-FlashcardsATheGymTests.release.xcconfig */;
			buildSettings = {
				ALWAYS_EMBED_SWIFT_STANDARD_LIBRARIES = YES;
				BUNDLE_LOADER = "$(TEST_HOST)";
				CODE_SIGN_STYLE = Automatic;
				DEVELOPMENT_TEAM = F67DJJKXHT;
				INFOPLIST_FILE = FlashcardsATheGymTests/Info.plist;
				IPHONEOS_DEPLOYMENT_TARGET = 14.3;
				LD_RUNPATH_SEARCH_PATHS = (
					"$(inherited)",
					"@executable_path/Frameworks",
					"@loader_path/Frameworks",
				);
				PRODUCT_BUNDLE_IDENTIFIER = Siemaszefie.FlashcardsATheGymTests;
				PRODUCT_NAME = "$(TARGET_NAME)";
				SWIFT_VERSION = 5.0;
				TARGETED_DEVICE_FAMILY = "1,2";
				TEST_HOST = "$(BUILT_PRODUCTS_DIR)/FlashcardsATheGym.app/FlashcardsATheGym";
			};
			name = Release;
		};
		4990AF7A25B471BB00F9669C /* Debug */ = {
			isa = XCBuildConfiguration;
			baseConfigurationReference = C8EE0B69B113D0494DC321C3 /* Pods-FlashcardsATheGym-FlashcardsATheGymUITests.debug.xcconfig */;
			buildSettings = {
				ALWAYS_EMBED_SWIFT_STANDARD_LIBRARIES = YES;
				CODE_SIGN_STYLE = Automatic;
				DEVELOPMENT_TEAM = F67DJJKXHT;
				INFOPLIST_FILE = FlashcardsATheGymUITests/Info.plist;
				LD_RUNPATH_SEARCH_PATHS = (
					"$(inherited)",
					"@executable_path/Frameworks",
					"@loader_path/Frameworks",
				);
				PRODUCT_BUNDLE_IDENTIFIER = Siemaszefie.FlashcardsATheGymUITests;
				PRODUCT_NAME = "$(TARGET_NAME)";
				SWIFT_VERSION = 5.0;
				TARGETED_DEVICE_FAMILY = "1,2";
				TEST_TARGET_NAME = FlashcardsATheGym;
			};
			name = Debug;
		};
		4990AF7B25B471BB00F9669C /* Release */ = {
			isa = XCBuildConfiguration;
			baseConfigurationReference = E9C3AD2E64EE5D3BB4EB75C9 /* Pods-FlashcardsATheGym-FlashcardsATheGymUITests.release.xcconfig */;
			buildSettings = {
				ALWAYS_EMBED_SWIFT_STANDARD_LIBRARIES = YES;
				CODE_SIGN_STYLE = Automatic;
				DEVELOPMENT_TEAM = F67DJJKXHT;
				INFOPLIST_FILE = FlashcardsATheGymUITests/Info.plist;
				LD_RUNPATH_SEARCH_PATHS = (
					"$(inherited)",
					"@executable_path/Frameworks",
					"@loader_path/Frameworks",
				);
				PRODUCT_BUNDLE_IDENTIFIER = Siemaszefie.FlashcardsATheGymUITests;
				PRODUCT_NAME = "$(TARGET_NAME)";
				SWIFT_VERSION = 5.0;
				TARGETED_DEVICE_FAMILY = "1,2";
				TEST_TARGET_NAME = FlashcardsATheGym;
			};
			name = Release;
		};
/* End XCBuildConfiguration section */

/* Begin XCConfigurationList section */
		4990AF4125B471BA00F9669C /* Build configuration list for PBXProject "FlashcardsATheGym" */ = {
			isa = XCConfigurationList;
			buildConfigurations = (
				4990AF7125B471BB00F9669C /* Debug */,
				4990AF7225B471BB00F9669C /* Release */,
			);
			defaultConfigurationIsVisible = 0;
			defaultConfigurationName = Release;
		};
		4990AF7325B471BB00F9669C /* Build configuration list for PBXNativeTarget "FlashcardsATheGym" */ = {
			isa = XCConfigurationList;
			buildConfigurations = (
				4990AF7425B471BB00F9669C /* Debug */,
				4990AF7525B471BB00F9669C /* Release */,
			);
			defaultConfigurationIsVisible = 0;
			defaultConfigurationName = Release;
		};
		4990AF7625B471BB00F9669C /* Build configuration list for PBXNativeTarget "FlashcardsATheGymTests" */ = {
			isa = XCConfigurationList;
			buildConfigurations = (
				4990AF7725B471BB00F9669C /* Debug */,
				4990AF7825B471BB00F9669C /* Release */,
			);
			defaultConfigurationIsVisible = 0;
			defaultConfigurationName = Release;
		};
		4990AF7925B471BB00F9669C /* Build configuration list for PBXNativeTarget "FlashcardsATheGymUITests" */ = {
			isa = XCConfigurationList;
			buildConfigurations = (
				4990AF7A25B471BB00F9669C /* Debug */,
				4990AF7B25B471BB00F9669C /* Release */,
			);
			defaultConfigurationIsVisible = 0;
			defaultConfigurationName = Release;
		};
/* End XCConfigurationList section */

/* Begin XCVersionGroup section */
		4990AF5225B471BA00F9669C /* FlashcardsATheGym.xcdatamodeld */ = {
			isa = XCVersionGroup;
			children = (
				4990AF5325B471BA00F9669C /* FlashcardsATheGym.xcdatamodel */,
			);
			currentVersion = 4990AF5325B471BA00F9669C /* FlashcardsATheGym.xcdatamodel */;
			path = FlashcardsATheGym.xcdatamodeld;
			sourceTree = "<group>";
			versionGroupType = wrapper.xcdatamodel;
		};
/* End XCVersionGroup section */
	};
	rootObject = 4990AF3E25B471BA00F9669C /* Project object */;
}
